
Microsoft Visual Studio Solution File, Format Version 12.00
# Visual Studio 15
VisualStudioVersion = 15.0.28307.421
MinimumVisualStudioVersion = 10.0.40219.1
Project("{9A19103F-16F7-4668-BE54-9A1E7A4F7556}") = "NieuweStroom.POC.CICD", "NieuweStroom.POC.CICD\NieuweStroom.POC.CICD.csproj", "{5F53A579-F6B5-43C9-9D3D-F5F4F683FD00}"
EndProject
Project("{9A19103F-16F7-4668-BE54-9A1E7A4F7556}") = "NieuwStroom.POC.CICD.Test", "NieuwStroom.POC.CICD.Test\NieuwStroom.POC.CICD.Test.csproj", "{D04CB509-B698-4E1F-8108-742F141EDF0F}"
EndProject
Global
	GlobalSection(SolutionConfigurationPlatforms) = preSolution
		Debug|Any CPU = Debug|Any CPU
		Release|Any CPU = Release|Any CPU
	EndGlobalSection
	GlobalSection(ProjectConfigurationPlatforms) = postSolution
		{5F53A579-F6B5-43C9-9D3D-F5F4F683FD00}.Debug|Any CPU.ActiveCfg = Debug|Any CPU
		{5F53A579-F6B5-43C9-9D3D-F5F4F683FD00}.Debug|Any CPU.Build.0 = Debug|Any CPU
		{5F53A579-F6B5-43C9-9D3D-F5F4F683FD00}.Release|Any CPU.ActiveCfg = Release|Any CPU
		{5F53A579-F6B5-43C9-9D3D-F5F4F683FD00}.Release|Any CPU.Build.0 = Release|Any CPU
		{D04CB509-B698-4E1F-8108-742F141EDF0F}.Debug|Any CPU.ActiveCfg = Debug|Any CPU
		{D04CB509-B698-4E1F-8108-742F141EDF0F}.Debug|Any CPU.Build.0 = Debug|Any CPU
		{D04CB509-B698-4E1F-8108-742F141EDF0F}.Release|Any CPU.ActiveCfg = Release|Any CPU
		{D04CB509-B698-4E1F-8108-742F141EDF0F}.Release|Any CPU.Build.0 = Release|Any CPU
	EndGlobalSection
	GlobalSection(SolutionProperties) = preSolution
		HideSolutionNode = FALSE
	EndGlobalSection
	GlobalSection(ExtensibilityGlobals) = postSolution
		SolutionGuid = {E92A445C-7314-4330-ACDF-C477F8F9919B}
	EndGlobalSection
EndGlobal
