
Microsoft Visual Studio Solution File, Format Version 12.00
# Visual Studio 15
VisualStudioVersion = 15.0.28307.421
MinimumVisualStudioVersion = 10.0.40219.1
Project("{9A19103F-16F7-4668-BE54-9A1E7A4F7556}") = "NieuweStroom.POC.CICD", "NieuweStroom.POC.CICD\NieuweStroom.POC.CICD.csproj", "{5F53A579-F6B5-43C9-9D3D-F5F4F683FD00}"
EndProject
Project("{9A19103F-16F7-4668-BE54-9A1E7A4F7556}") = "NieuwStroom.POC.CICD.Test", "NieuwStroom.POC.CICD.Test\NieuwStroom.POC.CICD.Test.csproj", "{D04CB509-B698-4E1F-8108-742F141EDF0F}"
EndProject
Project("{A07B5EB6-E848-4116-A8D0-A826331D98C6}") = "NieuweStroomSF", "NieuweStroomSF\NieuweStroomSF.sfproj", "{1AE4DD58-0BBE-44E5-AA62-47316C09A747}"
EndProject
Project("{9A19103F-16F7-4668-BE54-9A1E7A4F7556}") = "StatelessNieuweStroom", "StatelessNieuweStroom\StatelessNieuweStroom.csproj", "{6E2A409F-7F32-4032-813D-0841256598FA}"
EndProject
Global
	GlobalSection(SolutionConfigurationPlatforms) = preSolution
		Debug|Any CPU = Debug|Any CPU
		Debug|x64 = Debug|x64
		Release|Any CPU = Release|Any CPU
		Release|x64 = Release|x64
	EndGlobalSection
	GlobalSection(ProjectConfigurationPlatforms) = postSolution
		{5F53A579-F6B5-43C9-9D3D-F5F4F683FD00}.Debug|Any CPU.ActiveCfg = Debug|Any CPU
		{5F53A579-F6B5-43C9-9D3D-F5F4F683FD00}.Debug|Any CPU.Build.0 = Debug|Any CPU
		{5F53A579-F6B5-43C9-9D3D-F5F4F683FD00}.Debug|x64.ActiveCfg = Debug|Any CPU
		{5F53A579-F6B5-43C9-9D3D-F5F4F683FD00}.Debug|x64.Build.0 = Debug|Any CPU
		{5F53A579-F6B5-43C9-9D3D-F5F4F683FD00}.Release|Any CPU.ActiveCfg = Release|Any CPU
		{5F53A579-F6B5-43C9-9D3D-F5F4F683FD00}.Release|Any CPU.Build.0 = Release|Any CPU
		{5F53A579-F6B5-43C9-9D3D-F5F4F683FD00}.Release|x64.ActiveCfg = Release|Any CPU
		{5F53A579-F6B5-43C9-9D3D-F5F4F683FD00}.Release|x64.Build.0 = Release|Any CPU
		{D04CB509-B698-4E1F-8108-742F141EDF0F}.Debug|Any CPU.ActiveCfg = Debug|Any CPU
		{D04CB509-B698-4E1F-8108-742F141EDF0F}.Debug|Any CPU.Build.0 = Debug|Any CPU
		{D04CB509-B698-4E1F-8108-742F141EDF0F}.Debug|x64.ActiveCfg = Debug|Any CPU
		{D04CB509-B698-4E1F-8108-742F141EDF0F}.Debug|x64.Build.0 = Debug|Any CPU
		{D04CB509-B698-4E1F-8108-742F141EDF0F}.Release|Any CPU.ActiveCfg = Release|Any CPU
		{D04CB509-B698-4E1F-8108-742F141EDF0F}.Release|Any CPU.Build.0 = Release|Any CPU
		{D04CB509-B698-4E1F-8108-742F141EDF0F}.Release|x64.ActiveCfg = Release|Any CPU
		{D04CB509-B698-4E1F-8108-742F141EDF0F}.Release|x64.Build.0 = Release|Any CPU
		{1AE4DD58-0BBE-44E5-AA62-47316C09A747}.Debug|Any CPU.ActiveCfg = Debug|x64
		{1AE4DD58-0BBE-44E5-AA62-47316C09A747}.Debug|x64.ActiveCfg = Debug|x64
		{1AE4DD58-0BBE-44E5-AA62-47316C09A747}.Debug|x64.Build.0 = Debug|x64
		{1AE4DD58-0BBE-44E5-AA62-47316C09A747}.Debug|x64.Deploy.0 = Debug|x64
		{1AE4DD58-0BBE-44E5-AA62-47316C09A747}.Release|Any CPU.ActiveCfg = Release|x64
		{1AE4DD58-0BBE-44E5-AA62-47316C09A747}.Release|x64.ActiveCfg = Release|x64
		{1AE4DD58-0BBE-44E5-AA62-47316C09A747}.Release|x64.Build.0 = Release|x64
		{1AE4DD58-0BBE-44E5-AA62-47316C09A747}.Release|x64.Deploy.0 = Release|x64
		{6E2A409F-7F32-4032-813D-0841256598FA}.Debug|Any CPU.ActiveCfg = Debug|Any CPU
		{6E2A409F-7F32-4032-813D-0841256598FA}.Debug|Any CPU.Build.0 = Debug|Any CPU
		{6E2A409F-7F32-4032-813D-0841256598FA}.Debug|x64.ActiveCfg = Debug|Any CPU
		{6E2A409F-7F32-4032-813D-0841256598FA}.Debug|x64.Build.0 = Debug|Any CPU
		{6E2A409F-7F32-4032-813D-0841256598FA}.Release|Any CPU.ActiveCfg = Release|Any CPU
		{6E2A409F-7F32-4032-813D-0841256598FA}.Release|Any CPU.Build.0 = Release|Any CPU
		{6E2A409F-7F32-4032-813D-0841256598FA}.Release|x64.ActiveCfg = Release|Any CPU
		{6E2A409F-7F32-4032-813D-0841256598FA}.Release|x64.Build.0 = Release|Any CPU
	EndGlobalSection
	GlobalSection(SolutionProperties) = preSolution
		HideSolutionNode = FALSE
	EndGlobalSection
	GlobalSection(ExtensibilityGlobals) = postSolution
		SolutionGuid = {E92A445C-7314-4330-ACDF-C477F8F9919B}
	EndGlobalSection
EndGlobal
